
Microsoft Visual Studio Solution File, Format Version 12.00
# Visual Studio Version 16
VisualStudioVersion = 16.0.34407.143
MinimumVisualStudioVersion = 10.0.40219.1
Project("{8BC9CEB8-8B4A-11D0-8D11-00A0C91BC942}") = "midbinarytree_2-19-24", "midbinarytree_2-19-24.vcxproj", "{56D1DD00-96E6-421D-8D1B-B5D4FFBBD6AD}"
EndProject
Global
	GlobalSection(SolutionConfigurationPlatforms) = preSolution
		Debug|x64 = Debug|x64
		Debug|x86 = Debug|x86
		Release|x64 = Release|x64
		Release|x86 = Release|x86
	EndGlobalSection
	GlobalSection(ProjectConfigurationPlatforms) = postSolution
		{56D1DD00-96E6-421D-8D1B-B5D4FFBBD6AD}.Debug|x64.ActiveCfg = Debug|x64
		{56D1DD00-96E6-421D-8D1B-B5D4FFBBD6AD}.Debug|x64.Build.0 = Debug|x64
		{56D1DD00-96E6-421D-8D1B-B5D4FFBBD6AD}.Debug|x86.ActiveCfg = Debug|Win32
		{56D1DD00-96E6-421D-8D1B-B5D4FFBBD6AD}.Debug|x86.Build.0 = Debug|Win32
		{56D1DD00-96E6-421D-8D1B-B5D4FFBBD6AD}.Release|x64.ActiveCfg = Release|x64
		{56D1DD00-96E6-421D-8D1B-B5D4FFBBD6AD}.Release|x64.Build.0 = Release|x64
		{56D1DD00-96E6-421D-8D1B-B5D4FFBBD6AD}.Release|x86.ActiveCfg = Release|Win32
		{56D1DD00-96E6-421D-8D1B-B5D4FFBBD6AD}.Release|x86.Build.0 = Release|Win32
	EndGlobalSection
	GlobalSection(SolutionProperties) = preSolution
		HideSolutionNode = FALSE
	EndGlobalSection
	GlobalSection(ExtensibilityGlobals) = postSolution
		SolutionGuid = {EF463746-4649-426D-9342-DE0D6C70D45D}
	EndGlobalSection
EndGlobal
